
Microsoft Visual Studio Solution File, Format Version 12.00
# Visual Studio 15
VisualStudioVersion = 15.0.28112.1
MinimumVisualStudioVersion = 10.0.40219.1
Project("{FAE04EC0-301F-11D3-BF4B-00C04F79EFBC}") = "VS.Dev.Analyzers", "VS.Dev.Analyzers\VS.Dev.Analyzers.csproj", "{50683842-C450-4565-8561-A5594156F0FD}"
EndProject
Project("{FAE04EC0-301F-11D3-BF4B-00C04F79EFBC}") = "VS.Dev.Analyzers.Test", "VS.Dev.Analyzers.Test\VS.Dev.Analyzers.Test.csproj", "{4924D645-978F-4CA3-A81D-C6AADDD7DFE3}"
EndProject
Project("{FAE04EC0-301F-11D3-BF4B-00C04F79EFBC}") = "VS.Dev.Analyzers.Vsix", "VS.Dev.Analyzers.Vsix\VS.Dev.Analyzers.Vsix.csproj", "{0D4921AB-C985-4E5B-9630-49B8AE21DAEF}"
EndProject
Global
	GlobalSection(SolutionConfigurationPlatforms) = preSolution
		Debug|Any CPU = Debug|Any CPU
		Release|Any CPU = Release|Any CPU
	EndGlobalSection
	GlobalSection(ProjectConfigurationPlatforms) = postSolution
		{50683842-C450-4565-8561-A5594156F0FD}.Debug|Any CPU.ActiveCfg = Debug|Any CPU
		{50683842-C450-4565-8561-A5594156F0FD}.Debug|Any CPU.Build.0 = Debug|Any CPU
		{50683842-C450-4565-8561-A5594156F0FD}.Release|Any CPU.ActiveCfg = Release|Any CPU
		{50683842-C450-4565-8561-A5594156F0FD}.Release|Any CPU.Build.0 = Release|Any CPU
		{4924D645-978F-4CA3-A81D-C6AADDD7DFE3}.Debug|Any CPU.ActiveCfg = Debug|Any CPU
		{4924D645-978F-4CA3-A81D-C6AADDD7DFE3}.Debug|Any CPU.Build.0 = Debug|Any CPU
		{4924D645-978F-4CA3-A81D-C6AADDD7DFE3}.Release|Any CPU.ActiveCfg = Release|Any CPU
		{4924D645-978F-4CA3-A81D-C6AADDD7DFE3}.Release|Any CPU.Build.0 = Release|Any CPU
		{0D4921AB-C985-4E5B-9630-49B8AE21DAEF}.Debug|Any CPU.ActiveCfg = Debug|Any CPU
		{0D4921AB-C985-4E5B-9630-49B8AE21DAEF}.Debug|Any CPU.Build.0 = Debug|Any CPU
		{0D4921AB-C985-4E5B-9630-49B8AE21DAEF}.Release|Any CPU.ActiveCfg = Release|Any CPU
		{0D4921AB-C985-4E5B-9630-49B8AE21DAEF}.Release|Any CPU.Build.0 = Release|Any CPU
	EndGlobalSection
	GlobalSection(SolutionProperties) = preSolution
		HideSolutionNode = FALSE
	EndGlobalSection
	GlobalSection(ExtensibilityGlobals) = postSolution
		SolutionGuid = {C4D60706-80AD-446D-B8AA-23FBE98D96C8}
	EndGlobalSection
EndGlobal
